
Microsoft Visual Studio Solution File, Format Version 12.00
# Visual Studio 15
VisualStudioVersion = 15.0.27130.2010
MinimumVisualStudioVersion = 10.0.40219.1
Project("{FAE04EC0-301F-11D3-BF4B-00C04F79EFBC}") = "ProjektniZadatak1", "ProjektniZadatak1\ProjektniZadatak1.csproj", "{8CE126BA-481F-4F24-882B-117DAB5997E4}"
EndProject
Project("{FAE04EC0-301F-11D3-BF4B-00C04F79EFBC}") = "Classes", "Classes\Classes.csproj", "{C9EFE86C-0DAC-4ED7-8A80-05F5C24C3D97}"
EndProject
Global
	GlobalSection(SolutionConfigurationPlatforms) = preSolution
		Debug|Any CPU = Debug|Any CPU
		Release|Any CPU = Release|Any CPU
	EndGlobalSection
	GlobalSection(ProjectConfigurationPlatforms) = postSolution
		{8CE126BA-481F-4F24-882B-117DAB5997E4}.Debug|Any CPU.ActiveCfg = Debug|Any CPU
		{8CE126BA-481F-4F24-882B-117DAB5997E4}.Debug|Any CPU.Build.0 = Debug|Any CPU
		{8CE126BA-481F-4F24-882B-117DAB5997E4}.Release|Any CPU.ActiveCfg = Release|Any CPU
		{8CE126BA-481F-4F24-882B-117DAB5997E4}.Release|Any CPU.Build.0 = Release|Any CPU
		{C9EFE86C-0DAC-4ED7-8A80-05F5C24C3D97}.Debug|Any CPU.ActiveCfg = Debug|Any CPU
		{C9EFE86C-0DAC-4ED7-8A80-05F5C24C3D97}.Debug|Any CPU.Build.0 = Debug|Any CPU
		{C9EFE86C-0DAC-4ED7-8A80-05F5C24C3D97}.Release|Any CPU.ActiveCfg = Release|Any CPU
		{C9EFE86C-0DAC-4ED7-8A80-05F5C24C3D97}.Release|Any CPU.Build.0 = Release|Any CPU
	EndGlobalSection
	GlobalSection(SolutionProperties) = preSolution
		HideSolutionNode = FALSE
	EndGlobalSection
	GlobalSection(ExtensibilityGlobals) = postSolution
		SolutionGuid = {D5DBE510-3C19-4F12-88FE-234DFFD3CA76}
	EndGlobalSection
EndGlobal
